
Microsoft Visual Studio Solution File, Format Version 12.00
# Visual Studio Version 16
VisualStudioVersion = 16.0.33920.266
MinimumVisualStudioVersion = 10.0.40219.1
Project("{FAE04EC0-301F-11D3-BF4B-00C04F79EFBC}") = "Projeto.Web", "Projeto.Web\Projeto.Web.csproj", "{7BCCD37E-C4A9-41FE-8C6C-B7B6B1823AE4}"
EndProject
Project("{FAE04EC0-301F-11D3-BF4B-00C04F79EFBC}") = "Projeto.Data", "Projeto.Data\Projeto.Data.csproj", "{EAD6A3B1-5826-47DD-8BA9-FC9AFF889E1E}"
EndProject
Project("{FAE04EC0-301F-11D3-BF4B-00C04F79EFBC}") = "Projeto.Util", "Projeto.Util\Projeto.Util.csproj", "{AE7E4E94-8C00-45D1-A5A8-A960529A9281}"
EndProject
Global
	GlobalSection(SolutionConfigurationPlatforms) = preSolution
		Debug|Any CPU = Debug|Any CPU
		Release|Any CPU = Release|Any CPU
	EndGlobalSection
	GlobalSection(ProjectConfigurationPlatforms) = postSolution
		{7BCCD37E-C4A9-41FE-8C6C-B7B6B1823AE4}.Debug|Any CPU.ActiveCfg = Debug|Any CPU
		{7BCCD37E-C4A9-41FE-8C6C-B7B6B1823AE4}.Debug|Any CPU.Build.0 = Debug|Any CPU
		{7BCCD37E-C4A9-41FE-8C6C-B7B6B1823AE4}.Release|Any CPU.ActiveCfg = Release|Any CPU
		{7BCCD37E-C4A9-41FE-8C6C-B7B6B1823AE4}.Release|Any CPU.Build.0 = Release|Any CPU
		{EAD6A3B1-5826-47DD-8BA9-FC9AFF889E1E}.Debug|Any CPU.ActiveCfg = Debug|Any CPU
		{EAD6A3B1-5826-47DD-8BA9-FC9AFF889E1E}.Debug|Any CPU.Build.0 = Debug|Any CPU
		{EAD6A3B1-5826-47DD-8BA9-FC9AFF889E1E}.Release|Any CPU.ActiveCfg = Release|Any CPU
		{EAD6A3B1-5826-47DD-8BA9-FC9AFF889E1E}.Release|Any CPU.Build.0 = Release|Any CPU
		{AE7E4E94-8C00-45D1-A5A8-A960529A9281}.Debug|Any CPU.ActiveCfg = Debug|Any CPU
		{AE7E4E94-8C00-45D1-A5A8-A960529A9281}.Debug|Any CPU.Build.0 = Debug|Any CPU
		{AE7E4E94-8C00-45D1-A5A8-A960529A9281}.Release|Any CPU.ActiveCfg = Release|Any CPU
		{AE7E4E94-8C00-45D1-A5A8-A960529A9281}.Release|Any CPU.Build.0 = Release|Any CPU
	EndGlobalSection
	GlobalSection(SolutionProperties) = preSolution
		HideSolutionNode = FALSE
	EndGlobalSection
	GlobalSection(ExtensibilityGlobals) = postSolution
		SolutionGuid = {F33491B3-273D-4E66-9B1C-67A0B7CC5AA5}
	EndGlobalSection
EndGlobal
